
Microsoft Visual Studio Solution File, Format Version 12.00
# Visual Studio Version 17
VisualStudioVersion = 17.2.32616.157
MinimumVisualStudioVersion = 10.0.40219.1
Project("{FAE04EC0-301F-11D3-BF4B-00C04F79EFBC}") = "AdvancedGraphQL", "AdvancedGraphQL\AdvancedGraphQL.csproj", "{B3E4D572-9AE7-4616-9071-1BEE7BBA8400}"
EndProject
Project("{FAE04EC0-301F-11D3-BF4B-00C04F79EFBC}") = "AdvancedGraphQLClient", "AdvancedGraphQLClient\AdvancedGraphQLClient.csproj", "{DF5DFC8F-17AC-462A-B233-087A131970BF}"
EndProject
Global
	GlobalSection(SolutionConfigurationPlatforms) = preSolution
		Debug|Any CPU = Debug|Any CPU
		Release|Any CPU = Release|Any CPU
	EndGlobalSection
	GlobalSection(ProjectConfigurationPlatforms) = postSolution
		{B3E4D572-9AE7-4616-9071-1BEE7BBA8400}.Debug|Any CPU.ActiveCfg = Debug|Any CPU
		{B3E4D572-9AE7-4616-9071-1BEE7BBA8400}.Debug|Any CPU.Build.0 = Debug|Any CPU
		{B3E4D572-9AE7-4616-9071-1BEE7BBA8400}.Release|Any CPU.ActiveCfg = Release|Any CPU
		{B3E4D572-9AE7-4616-9071-1BEE7BBA8400}.Release|Any CPU.Build.0 = Release|Any CPU
		{DF5DFC8F-17AC-462A-B233-087A131970BF}.Debug|Any CPU.ActiveCfg = Debug|Any CPU
		{DF5DFC8F-17AC-462A-B233-087A131970BF}.Debug|Any CPU.Build.0 = Debug|Any CPU
		{DF5DFC8F-17AC-462A-B233-087A131970BF}.Release|Any CPU.ActiveCfg = Release|Any CPU
		{DF5DFC8F-17AC-462A-B233-087A131970BF}.Release|Any CPU.Build.0 = Release|Any CPU
	EndGlobalSection
	GlobalSection(SolutionProperties) = preSolution
		HideSolutionNode = FALSE
	EndGlobalSection
	GlobalSection(ExtensibilityGlobals) = postSolution
		SolutionGuid = {FE41BFF3-DF51-4BCD-8751-13ED4F009267}
	EndGlobalSection
EndGlobal
